
Microsoft Visual Studio Solution File, Format Version 12.00
# Visual Studio Version 16
VisualStudioVersion = 16.0.31729.503
MinimumVisualStudioVersion = 10.0.40219.1
Project("{FAE04EC0-301F-11D3-BF4B-00C04F79EFBC}") = "Antiplag", "Antiplag\Antiplag.csproj", "{F13087C2-F03E-4BE5-BC4B-0FB0201C96D4}"
EndProject
Global
	GlobalSection(SolutionConfigurationPlatforms) = preSolution
		Debug|Any CPU = Debug|Any CPU
		Release|Any CPU = Release|Any CPU
	EndGlobalSection
	GlobalSection(ProjectConfigurationPlatforms) = postSolution
		{F13087C2-F03E-4BE5-BC4B-0FB0201C96D4}.Debug|Any CPU.ActiveCfg = Debug|Any CPU
		{F13087C2-F03E-4BE5-BC4B-0FB0201C96D4}.Debug|Any CPU.Build.0 = Debug|Any CPU
		{F13087C2-F03E-4BE5-BC4B-0FB0201C96D4}.Release|Any CPU.ActiveCfg = Release|Any CPU
		{F13087C2-F03E-4BE5-BC4B-0FB0201C96D4}.Release|Any CPU.Build.0 = Release|Any CPU
	EndGlobalSection
	GlobalSection(SolutionProperties) = preSolution
		HideSolutionNode = FALSE
	EndGlobalSection
	GlobalSection(ExtensibilityGlobals) = postSolution
		SolutionGuid = {02E7E683-1698-4A00-868B-C05E86166E3C}
	EndGlobalSection
EndGlobal
